
Microsoft Visual Studio Solution File, Format Version 12.00
# Visual Studio Version 17
VisualStudioVersion = 17.11.35312.102
MinimumVisualStudioVersion = 10.0.40219.1
Project("{FAE04EC0-301F-11D3-BF4B-00C04F79EFBC}") = "RealtimeChatApp", "RealtimeChatApp\RealtimeChatApp.csproj", "{630B7041-1C18-4690-BFBD-6226AA0390AD}"
EndProject
Global
	GlobalSection(SolutionConfigurationPlatforms) = preSolution
		Debug|Any CPU = Debug|Any CPU
		Release|Any CPU = Release|Any CPU
	EndGlobalSection
	GlobalSection(ProjectConfigurationPlatforms) = postSolution
		{630B7041-1C18-4690-BFBD-6226AA0390AD}.Debug|Any CPU.ActiveCfg = Debug|Any CPU
		{630B7041-1C18-4690-BFBD-6226AA0390AD}.Debug|Any CPU.Build.0 = Debug|Any CPU
		{630B7041-1C18-4690-BFBD-6226AA0390AD}.Release|Any CPU.ActiveCfg = Release|Any CPU
		{630B7041-1C18-4690-BFBD-6226AA0390AD}.Release|Any CPU.Build.0 = Release|Any CPU
	EndGlobalSection
	GlobalSection(SolutionProperties) = preSolution
		HideSolutionNode = FALSE
	EndGlobalSection
	GlobalSection(ExtensibilityGlobals) = postSolution
		SolutionGuid = {CE318285-DDE5-45E2-BE99-AE28C9E759B7}
	EndGlobalSection
EndGlobal
